{
  "name": "hermes-agent-nim-bridge",
  "lockfileVersion": 3,
  "requires": true,
  "packages": {
    "": {
      "name": "hermes-agent-nim-bridge",
      "dependencies": {
        "@yxim/nim-bot": "^10.9.78"
      }
    },
    "node_modules/@yxim/nim-bot": {
      "version": "10.9.81",
      "resolved": "https://registry.npmjs.org/@yxim/nim-bot/-/nim-bot-10.9.81.tgz",
      "integrity": "sha512-/NsF2glc6/gXeJYoz++f+cc7Y5RfimtT8aGkZ27pZaBIQJWEC19ncSRiiM6cKT6Ngv50OcJCzW+swpwCfa6k7Q==",
      "license": "ISC",
      "dependencies": {
        "ws": "^8.0.0"
      },
      "engines": {
        "node": ">=20"
      }
    },
    "node_modules/ws": {
      "version": "8.20.0",
      "resolved": "https://registry.npmjs.org/ws/-/ws-8.20.0.tgz",
      "integrity": "sha512-sAt8BhgNbzCtgGbt2OxmpuryO63ZoDk/sqaB/znQm94T4fCEsy/yV+7CdC1kJhOU9lboAEU7R3kquuycDoibVA==",
      "license": "MIT",
      "engines": {
        "node": ">=10.0.0"
      },
      "peerDependencies": {
        "bufferutil": "^4.0.1",
        "utf-8-validate": ">=5.0.2"
      },
      "peerDependenciesMeta": {
        "bufferutil": {
          "optional": true
        },
        "utf-8-validate": {
          "optional": true
        }
      }
    }
  }
}
